<?xml version="1.0" encoding="utf-8"?>
<Project ToolsVersion="4.0" xmlns="http://schemas.microsoft.com/developer/msbuild/2003">
  <ItemGroup>
    <Filter Include="源文件">
      <UniqueIdentifier>{4FC737F1-C7A5-4376-A066-2A32D752A2FF}</UniqueIdentifier>
      <Extensions>cpp;c;cc;cxx;def;odl;idl;hpj;bat;asm;asmx</Extensions>
    </Filter>
    <Filter Include="头文件">
      <UniqueIdentifier>{93995380-89BD-4b04-88EB-625FBE52EBFB}</UniqueIdentifier>
      <Extensions>h;hpp;hxx;hm;inl;inc;xsd</Extensions>
    </Filter>
    <Filter Include="资源文件">
      <UniqueIdentifier>{67DA6AB6-F800-4c08-8B7A-83BB121AAD01}</UniqueIdentifier>
      <Extensions>rc;ico;cur;bmp;dlg;rc2;rct;bin;rgs;gif;jpg;jpeg;jpe;resx;tiff;tif;png;wav;mfcribbon-ms</Extensions>
    </Filter>
  </ItemGroup>
  <ItemGroup>
    <ClInclude Include="include\boost_condition_variable_any.hpp">
      <Filter>头文件</Filter>
    </ClInclude>
    <ClInclude Include="include\boost_thread.hpp">
      <Filter>头文件</Filter>
    </ClInclude>
    <ClInclude Include="include\boost_thread_2.hpp">
      <Filter>头文件</Filter>
    </ClInclude>
    <ClInclude Include="include\multiset_multimap.h">
      <Filter>头文件</Filter>
    </ClInclude>
    <ClInclude Include="include\reference.h">
      <Filter>头文件</Filter>
    </ClInclude>
    <ClInclude Include="include\string_replace.hpp">
      <Filter>头文件</Filter>
    </ClInclude>
    <ClInclude Include="include\test_iostream_iterator.hpp">
      <Filter>头文件</Filter>
    </ClInclude>
    <ClInclude Include="include\test_namespace.hpp">
      <Filter>头文件</Filter>
    </ClInclude>
    <ClInclude Include="include\test_OpenSSL.hpp">
      <Filter>头文件</Filter>
    </ClInclude>
    <ClInclude Include="include\test_ostream_iterator.hpp">
      <Filter>头文件</Filter>
    </ClInclude>
    <ClInclude Include="include\test_RegEx.hpp">
      <Filter>头文件</Filter>
    </ClInclude>
    <ClInclude Include="include\test_RegEx_2.hpp">
      <Filter>头文件</Filter>
    </ClInclude>
    <ClInclude Include="include\test_RSA.hpp">
      <Filter>头文件</Filter>
    </ClInclude>
    <ClInclude Include="include\ReadWriteFile.hpp">
      <Filter>头文件</Filter>
    </ClInclude>
    <ClInclude Include="include\test.hpp">
      <Filter>头文件</Filter>
    </ClInclude>
    <ClInclude Include="include\AESEncodeDecode.hpp">
      <Filter>头文件</Filter>
    </ClInclude>
    <ClInclude Include="include\AESEncodeDecode_2.hpp">
      <Filter>头文件</Filter>
    </ClInclude>
    <ClInclude Include="include\GetHardwareInformation.hpp">
      <Filter>头文件</Filter>
    </ClInclude>
    <ClInclude Include="include\test_memory_allocation.hpp">
      <Filter>头文件</Filter>
    </ClInclude>
    <ClInclude Include="include\ParentChildConvert.hpp">
      <Filter>头文件</Filter>
    </ClInclude>
  </ItemGroup>
  <ItemGroup>
    <ClCompile Include="src\main.cpp">
      <Filter>源文件</Filter>
    </ClCompile>
    <ClCompile Include="src\multiset_multimap.cpp">
      <Filter>源文件</Filter>
    </ClCompile>
    <ClCompile Include="src\reference.cpp">
      <Filter>源文件</Filter>
    </ClCompile>
  </ItemGroup>
</Project>